Microsoft Visual Studio Solution File, Format Version 12.00
# Visual Studio 14
VisualStudioVersion = 14.0.25123.0
MinimumVisualStudioVersion = 10.0.40219.1
Project("{8BC9CEB8-8B4A-11D0-8D11-00A0C91BC942}") = "yse_static_library", "yse_static_library.vcxproj", "{D4EFA628-B6A4-4B7F-2E7E-7C279856B541}"
EndProject
Project("{8BC9CEB8-8B4A-11D0-8D11-00A0C91BC942}") = "ConsoleApplication1", "..\ConsoleApplication1\ConsoleApplication1.vcxproj", "{6D2DE685-0A11-4BB3-998D-42A0E600306F}"
EndProject
Project("{8BC9CEB8-8B4A-11D0-8D11-00A0C91BC942}") = "Win32Project1", "Win32Project1\Win32Project1.vcxproj", "{0CC4948C-20D2-4B62-A218-76560B274720}"
EndProject
Project("{2150E333-8FDC-42A3-9474-1A3956D46DE8}") = "Solution Items", "Solution Items", "{A2854D35-2439-4118-885A-D42ACD697228}"
	ProjectSection(SolutionItems) = preProject
		readme.txt = readme.txt
	EndProjectSection
EndProject
Global
	GlobalSection(SolutionConfigurationPlatforms) = preSolution
		debug|Win32 = debug|Win32
		debug|x64 = debug|x64
		DEBUGFOREVER|Win32 = DEBUGFOREVER|Win32
		DEBUGFOREVER|x64 = DEBUGFOREVER|x64
		Release|Win32 = Release|Win32
		Release|x64 = Release|x64
		Release32|Win32 = Release32|Win32
		Release32|x64 = Release32|x64
		Release64|Win32 = Release64|Win32
		Release64|x64 = Release64|x64
	EndGlobalSection
	GlobalSection(ProjectConfigurationPlatforms) = postSolution
		{D4EFA628-B6A4-4B7F-2E7E-7C279856B541}.debug|Win32.ActiveCfg = debug|Win32
		{D4EFA628-B6A4-4B7F-2E7E-7C279856B541}.debug|Win32.Build.0 = debug|Win32
		{D4EFA628-B6A4-4B7F-2E7E-7C279856B541}.debug|x64.ActiveCfg = debug|Win32
		{D4EFA628-B6A4-4B7F-2E7E-7C279856B541}.DEBUGFOREVER|Win32.ActiveCfg = DEBUGFOREVER|Win32
		{D4EFA628-B6A4-4B7F-2E7E-7C279856B541}.DEBUGFOREVER|Win32.Build.0 = DEBUGFOREVER|Win32
		{D4EFA628-B6A4-4B7F-2E7E-7C279856B541}.DEBUGFOREVER|x64.ActiveCfg = DEBUGFOREVER|x64
		{D4EFA628-B6A4-4B7F-2E7E-7C279856B541}.DEBUGFOREVER|x64.Build.0 = DEBUGFOREVER|x64
		{D4EFA628-B6A4-4B7F-2E7E-7C279856B541}.Release|Win32.ActiveCfg = Release32|Win32
		{D4EFA628-B6A4-4B7F-2E7E-7C279856B541}.Release|Win32.Build.0 = Release32|Win32
		{D4EFA628-B6A4-4B7F-2E7E-7C279856B541}.Release|x64.ActiveCfg = Release64|x64
		{D4EFA628-B6A4-4B7F-2E7E-7C279856B541}.Release|x64.Build.0 = Release64|x64
		{D4EFA628-B6A4-4B7F-2E7E-7C279856B541}.Release32|Win32.ActiveCfg = Release32|Win32
		{D4EFA628-B6A4-4B7F-2E7E-7C279856B541}.Release32|Win32.Build.0 = Release32|Win32
		{D4EFA628-B6A4-4B7F-2E7E-7C279856B541}.Release32|x64.ActiveCfg = Release32|Win32
		{D4EFA628-B6A4-4B7F-2E7E-7C279856B541}.Release64|Win32.ActiveCfg = Release64|x64
		{D4EFA628-B6A4-4B7F-2E7E-7C279856B541}.Release64|x64.ActiveCfg = Release64|x64
		{D4EFA628-B6A4-4B7F-2E7E-7C279856B541}.Release64|x64.Build.0 = Release64|x64
		{6D2DE685-0A11-4BB3-998D-42A0E600306F}.debug|Win32.ActiveCfg = Debug|Win32
		{6D2DE685-0A11-4BB3-998D-42A0E600306F}.debug|Win32.Build.0 = Debug|Win32
		{6D2DE685-0A11-4BB3-998D-42A0E600306F}.debug|x64.ActiveCfg = Debug|x64
		{6D2DE685-0A11-4BB3-998D-42A0E600306F}.debug|x64.Build.0 = Debug|x64
		{6D2DE685-0A11-4BB3-998D-42A0E600306F}.DEBUGFOREVER|Win32.ActiveCfg = DEBUGFOREVER|Win32
		{6D2DE685-0A11-4BB3-998D-42A0E600306F}.DEBUGFOREVER|Win32.Build.0 = DEBUGFOREVER|Win32
		{6D2DE685-0A11-4BB3-998D-42A0E600306F}.DEBUGFOREVER|x64.ActiveCfg = DEBUGFOREVER|x64
		{6D2DE685-0A11-4BB3-998D-42A0E600306F}.DEBUGFOREVER|x64.Build.0 = DEBUGFOREVER|x64
		{6D2DE685-0A11-4BB3-998D-42A0E600306F}.Release|Win32.ActiveCfg = Release|Win32
		{6D2DE685-0A11-4BB3-998D-42A0E600306F}.Release|Win32.Build.0 = Release|Win32
		{6D2DE685-0A11-4BB3-998D-42A0E600306F}.Release|x64.ActiveCfg = Release|x64
		{6D2DE685-0A11-4BB3-998D-42A0E600306F}.Release|x64.Build.0 = Release|x64
		{6D2DE685-0A11-4BB3-998D-42A0E600306F}.Release32|Win32.ActiveCfg = Release|Win32
		{6D2DE685-0A11-4BB3-998D-42A0E600306F}.Release32|Win32.Build.0 = Release|Win32
		{6D2DE685-0A11-4BB3-998D-42A0E600306F}.Release32|x64.ActiveCfg = Release|x64
		{6D2DE685-0A11-4BB3-998D-42A0E600306F}.Release32|x64.Build.0 = Release|x64
		{6D2DE685-0A11-4BB3-998D-42A0E600306F}.Release64|Win32.ActiveCfg = Release|Win32
		{6D2DE685-0A11-4BB3-998D-42A0E600306F}.Release64|Win32.Build.0 = Release|Win32
		{6D2DE685-0A11-4BB3-998D-42A0E600306F}.Release64|x64.ActiveCfg = Release|x64
		{6D2DE685-0A11-4BB3-998D-42A0E600306F}.Release64|x64.Build.0 = Release|x64
		{0CC4948C-20D2-4B62-A218-76560B274720}.debug|Win32.ActiveCfg = Debug|Win32
		{0CC4948C-20D2-4B62-A218-76560B274720}.debug|Win32.Build.0 = Debug|Win32
		{0CC4948C-20D2-4B62-A218-76560B274720}.debug|x64.ActiveCfg = Debug|x64
		{0CC4948C-20D2-4B62-A218-76560B274720}.debug|x64.Build.0 = Debug|x64
		{0CC4948C-20D2-4B62-A218-76560B274720}.DEBUGFOREVER|Win32.ActiveCfg = Debug|Win32
		{0CC4948C-20D2-4B62-A218-76560B274720}.DEBUGFOREVER|Win32.Build.0 = Debug|Win32
		{0CC4948C-20D2-4B62-A218-76560B274720}.DEBUGFOREVER|x64.ActiveCfg = Debug|x64
		{0CC4948C-20D2-4B62-A218-76560B274720}.DEBUGFOREVER|x64.Build.0 = Debug|x64
		{0CC4948C-20D2-4B62-A218-76560B274720}.Release|Win32.ActiveCfg = Release|Win32
		{0CC4948C-20D2-4B62-A218-76560B274720}.Release|Win32.Build.0 = Release|Win32
		{0CC4948C-20D2-4B62-A218-76560B274720}.Release|x64.ActiveCfg = Release|x64
		{0CC4948C-20D2-4B62-A218-76560B274720}.Release|x64.Build.0 = Release|x64
		{0CC4948C-20D2-4B62-A218-76560B274720}.Release32|Win32.ActiveCfg = Release|Win32
		{0CC4948C-20D2-4B62-A218-76560B274720}.Release32|Win32.Build.0 = Release|Win32
		{0CC4948C-20D2-4B62-A218-76560B274720}.Release32|x64.ActiveCfg = Release|x64
		{0CC4948C-20D2-4B62-A218-76560B274720}.Release32|x64.Build.0 = Release|x64
		{0CC4948C-20D2-4B62-A218-76560B274720}.Release64|Win32.ActiveCfg = Release|Win32
		{0CC4948C-20D2-4B62-A218-76560B274720}.Release64|Win32.Build.0 = Release|Win32
		{0CC4948C-20D2-4B62-A218-76560B274720}.Release64|x64.ActiveCfg = Release|x64
		{0CC4948C-20D2-4B62-A218-76560B274720}.Release64|x64.Build.0 = Release|x64
	EndGlobalSection
	GlobalSection(SolutionProperties) = preSolution
		HideSolutionNode = FALSE
	EndGlobalSection
EndGlobal
